github.com/xaionaro-go/avcommon v0.0.0-20250505011954-25a3511c5ab3 h1:Y13DcRnE0l0rUyYPt+So5w3pI0oZfB8CT/QXbpY5BBc=
github.com/xaionaro-go/avcommon v0.0.0-20250505011954-25a3511c5ab3/go.mod h1:kjLo1LasgdDJqbTGD5bbEM+D6RiZSbf5ZT8yiPFF1BA=
github.com/xaionaro-go/ndk v0.0.0-20250420195304-361bb98583bf h1:0FaC9qSWDXeKiZbfNI2agR7Vjait42RVsVQJ0AkNE7g=
github.com/xaionaro-go/ndk v0.0.0-20250420195304-361bb98583bf/go.mod h1:W8O/bfrWU9qp2okQxMGyXvEbtC79wnTtJV2Y7K3oUPQ=
